// !$*UTF8*$!
{
	archiveVersion = 1;
	classes = {
	};
	objectVersion = 51;
	objects = {

/* Begin PBXBuildFile section */
		17CF8AA504EEE5AF17AD3ADC /* libPods-HTTestTools.a in Frameworks */ = {isa = PBXBuildFile; fileRef = 414649353623F1E98BB2B1F2 /* libPods-HTTestTools.a */; };
		A70192C122F0549C00D919C8 /* AppDelegate.m in Sources */ = {isa = PBXBuildFile; fileRef = A70192C022F0549C00D919C8 /* AppDelegate.m */; };
		A70192CF22F0549C00D919C8 /* main.m in Sources */ = {isa = PBXBuildFile; fileRef = A70192CE22F0549C00D919C8 /* main.m */; };
		A70192F322F0562E00D919C8 /* EditMyToolsViewController.m in Sources */ = {isa = PBXBuildFile; fileRef = A70192F222F0562E00D919C8 /* EditMyToolsViewController.m */; };
		A73A7A3A22F2DBED00BEAFD0 /* Images.xcassets in Resources */ = {isa = PBXBuildFile; fileRef = A73A7A3922F2DBED00BEAFD0 /* Images.xcassets */; };
		A73A7A4622F2DEDD00BEAFD0 /* Assets.xcassets in Resources */ = {isa = PBXBuildFile; fileRef = A73A7A4522F2DEDD00BEAFD0 /* Assets.xcassets */; };
		A73A7A4D22F2FD0C00BEAFD0 /* EditMyToolsCollectionViewCell.m in Sources */ = {isa = PBXBuildFile; fileRef = A73A7A4C22F2FD0C00BEAFD0 /* EditMyToolsCollectionViewCell.m */; };
		A73A7A5022F2FDAD00BEAFD0 /* EditMyToolsModel.m in Sources */ = {isa = PBXBuildFile; fileRef = A73A7A4F22F2FDAD00BEAFD0 /* EditMyToolsModel.m */; };
		A7E4BE8F22F3CCBF00B597D2 /* EditMyToolsHeaderView.m in Sources */ = {isa = PBXBuildFile; fileRef = A7E4BE8E22F3CCBF00B597D2 /* EditMyToolsHeaderView.m */; };
		A7EEDC6C22F30C92006F2A93 /* EditMyToolsCollectionReusableView.m in Sources */ = {isa = PBXBuildFile; fileRef = A7EEDC6B22F30C92006F2A93 /* EditMyToolsCollectionReusableView.m */; };
/* End PBXBuildFile section */

/* Begin PBXFileReference section */
		414649353623F1E98BB2B1F2 /* libPods-HTTestTools.a */ = {isa = PBXFileReference; explicitFileType = archive.ar; includeInIndex = 0; path = "libPods-HTTestTools.a"; sourceTree = BUILT_PRODUCTS_DIR; };
		8D8875F648BBA7B6B173533B /* Pods-HTTestTools.debug.xcconfig */ = {isa = PBXFileReference; includeInIndex = 1; lastKnownFileType = text.xcconfig; name = "Pods-HTTestTools.debug.xcconfig"; path = "Target Support Files/Pods-HTTestTools/Pods-HTTestTools.debug.xcconfig"; sourceTree = "<group>"; };
		A70192BC22F0549C00D919C8 /* HTTestTools.app */ = {isa = PBXFileReference; explicitFileType = wrapper.application; includeInIndex = 0; path = HTTestTools.app; sourceTree = BUILT_PRODUCTS_DIR; };
		A70192BF22F0549C00D919C8 /* AppDelegate.h */ = {isa = PBXFileReference; lastKnownFileType = sourcecode.c.h; path = AppDelegate.h; sourceTree = "<group>"; };
		A70192C022F0549C00D919C8 /* AppDelegate.m */ = {isa = PBXFileReference; lastKnownFileType = sourcecode.c.objc; path = AppDelegate.m; sourceTree = "<group>"; };
		A70192CD22F0549C00D919C8 /* Info.plist */ = {isa = PBXFileReference; lastKnownFileType = text.plist.xml; path = Info.plist; sourceTree = "<group>"; };
		A70192CE22F0549C00D919C8 /* main.m */ = {isa = PBXFileReference; lastKnownFileType = sourcecode.c.objc; path = main.m; sourceTree = "<group>"; };
		A70192F122F0562E00D919C8 /* EditMyToolsViewController.h */ = {isa = PBXFileReference; lastKnownFileType = sourcecode.c.h; path = EditMyToolsViewController.h; sourceTree = "<group>"; };
		A70192F222F0562E00D919C8 /* EditMyToolsViewController.m */ = {isa = PBXFileReference; lastKnownFileType = sourcecode.c.objc; path = EditMyToolsViewController.m; sourceTree = "<group>"; };
		A73A7A3922F2DBED00BEAFD0 /* Images.xcassets */ = {isa = PBXFileReference; lastKnownFileType = folder.assetcatalog; path = Images.xcassets; sourceTree = "<group>"; };
		A73A7A4522F2DEDD00BEAFD0 /* Assets.xcassets */ = {isa = PBXFileReference; lastKnownFileType = folder.assetcatalog; path = Assets.xcassets; sourceTree = "<group>"; };
		A73A7A4B22F2FD0C00BEAFD0 /* EditMyToolsCollectionViewCell.h */ = {isa = PBXFileReference; lastKnownFileType = sourcecode.c.h; path = EditMyToolsCollectionViewCell.h; sourceTree = "<group>"; };
		A73A7A4C22F2FD0C00BEAFD0 /* EditMyToolsCollectionViewCell.m */ = {isa = PBXFileReference; lastKnownFileType = sourcecode.c.objc; path = EditMyToolsCollectionViewCell.m; sourceTree = "<group>"; };
		A73A7A4E22F2FDAD00BEAFD0 /* EditMyToolsModel.h */ = {isa = PBXFileReference; lastKnownFileType = sourcecode.c.h; path = EditMyToolsModel.h; sourceTree = "<group>"; };
		A73A7A4F22F2FDAD00BEAFD0 /* EditMyToolsModel.m */ = {isa = PBXFileReference; lastKnownFileType = sourcecode.c.objc; path = EditMyToolsModel.m; sourceTree = "<group>"; };
		A73A7A5222F3056700BEAFD0 /* PrefixHeader.pch */ = {isa = PBXFileReference; lastKnownFileType = sourcecode.c.h; path = PrefixHeader.pch; sourceTree = "<group>"; };
		A7E4BE8D22F3CCBF00B597D2 /* EditMyToolsHeaderView.h */ = {isa = PBXFileReference; lastKnownFileType = sourcecode.c.h; path = EditMyToolsHeaderView.h; sourceTree = "<group>"; };
		A7E4BE8E22F3CCBF00B597D2 /* EditMyToolsHeaderView.m */ = {isa = PBXFileReference; lastKnownFileType = sourcecode.c.objc; path = EditMyToolsHeaderView.m; sourceTree = "<group>"; };
		A7EEDC6A22F30C92006F2A93 /* EditMyToolsCollectionReusableView.h */ = {isa = PBXFileReference; lastKnownFileType = sourcecode.c.h; path = EditMyToolsCollectionReusableView.h; sourceTree = "<group>"; };
		A7EEDC6B22F30C92006F2A93 /* EditMyToolsCollectionReusableView.m */ = {isa = PBXFileReference; lastKnownFileType = sourcecode.c.objc; path = EditMyToolsCollectionReusableView.m; sourceTree = "<group>"; };
		E1E39D80FEAB0C46D3D950ED /* Pods-HTTestTools.release.xcconfig */ = {isa = PBXFileReference; includeInIndex = 1; lastKnownFileType = text.xcconfig; name = "Pods-HTTestTools.release.xcconfig"; path = "Target Support Files/Pods-HTTestTools/Pods-HTTestTools.release.xcconfig"; sourceTree = "<group>"; };
/* End PBXFileReference section */

/* Begin PBXFrameworksBuildPhase section */
		A70192B922F0549C00D919C8 /* Frameworks */ = {
			isa = PBXFrameworksBuildPhase;
			buildActionMask = 2147483647;
			files = (
				17CF8AA504EEE5AF17AD3ADC /* libPods-HTTestTools.a in Frameworks */,
			);
			runOnlyForDeploymentPostprocessing = 0;
		};
/* End PBXFrameworksBuildPhase section */

/* Begin PBXGroup section */
		1C273948DEB5707D3E3A6671 /* Frameworks */ = {
			isa = PBXGroup;
			children = (
				414649353623F1E98BB2B1F2 /* libPods-HTTestTools.a */,
			);
			name = Frameworks;
			sourceTree = "<group>";
		};
		A02860BEC970BF27A0517D49 /* Pods */ = {
			isa = PBXGroup;
			children = (
				8D8875F648BBA7B6B173533B /* Pods-HTTestTools.debug.xcconfig */,
				E1E39D80FEAB0C46D3D950ED /* Pods-HTTestTools.release.xcconfig */,
			);
			path = Pods;
			sourceTree = "<group>";
		};
		A70192B322F0549C00D919C8 = {
			isa = PBXGroup;
			children = (
				A70192BE22F0549C00D919C8 /* HTTestTools */,
				A70192BD22F0549C00D919C8 /* Products */,
				A02860BEC970BF27A0517D49 /* Pods */,
				1C273948DEB5707D3E3A6671 /* Frameworks */,
			);
			sourceTree = "<group>";
		};
		A70192BD22F0549C00D919C8 /* Products */ = {
			isa = PBXGroup;
			children = (
				A70192BC22F0549C00D919C8 /* HTTestTools.app */,
			);
			name = Products;
			sourceTree = "<group>";
		};
		A70192BE22F0549C00D919C8 /* HTTestTools */ = {
			isa = PBXGroup;
			children = (
				A70192BF22F0549C00D919C8 /* AppDelegate.h */,
				A70192C022F0549C00D919C8 /* AppDelegate.m */,
				A73A7A4722F2F0B400BEAFD0 /* EditMyTools */,
				A73A7A4522F2DEDD00BEAFD0 /* Assets.xcassets */,
				A70192CD22F0549C00D919C8 /* Info.plist */,
				A70192CE22F0549C00D919C8 /* main.m */,
				A73A7A3922F2DBED00BEAFD0 /* Images.xcassets */,
				A73A7A5222F3056700BEAFD0 /* PrefixHeader.pch */,
			);
			path = HTTestTools;
			sourceTree = "<group>";
		};
		A73A7A4722F2F0B400BEAFD0 /* EditMyTools */ = {
			isa = PBXGroup;
			children = (
				A73A7A4A22F2F0E800BEAFD0 /* Controller */,
				A73A7A4922F2F0E200BEAFD0 /* View */,
				A73A7A4822F2F0D300BEAFD0 /* Model */,
			);
			path = EditMyTools;
			sourceTree = "<group>";
		};
		A73A7A4822F2F0D300BEAFD0 /* Model */ = {
			isa = PBXGroup;
			children = (
				A73A7A4E22F2FDAD00BEAFD0 /* EditMyToolsModel.h */,
				A73A7A4F22F2FDAD00BEAFD0 /* EditMyToolsModel.m */,
			);
			name = Model;
			sourceTree = "<group>";
		};
		A73A7A4922F2F0E200BEAFD0 /* View */ = {
			isa = PBXGroup;
			children = (
				A7E4BE8D22F3CCBF00B597D2 /* EditMyToolsHeaderView.h */,
				A7E4BE8E22F3CCBF00B597D2 /* EditMyToolsHeaderView.m */,
				A73A7A4B22F2FD0C00BEAFD0 /* EditMyToolsCollectionViewCell.h */,
				A73A7A4C22F2FD0C00BEAFD0 /* EditMyToolsCollectionViewCell.m */,
				A7EEDC6A22F30C92006F2A93 /* EditMyToolsCollectionReusableView.h */,
				A7EEDC6B22F30C92006F2A93 /* EditMyToolsCollectionReusableView.m */,
			);
			name = View;
			sourceTree = "<group>";
		};
		A73A7A4A22F2F0E800BEAFD0 /* Controller */ = {
			isa = PBXGroup;
			children = (
				A70192F122F0562E00D919C8 /* EditMyToolsViewController.h */,
				A70192F222F0562E00D919C8 /* EditMyToolsViewController.m */,
			);
			name = Controller;
			sourceTree = "<group>";
		};
/* End PBXGroup section */

/* Begin PBXNativeTarget section */
		A70192BB22F0549C00D919C8 /* HTTestTools */ = {
			isa = PBXNativeTarget;
			buildConfigurationList = A70192E822F0549C00D919C8 /* Build configuration list for PBXNativeTarget "HTTestTools" */;
			buildPhases = (
				681E4EC95D19E35543B728E2 /* [CP] Check Pods Manifest.lock */,
				A70192B822F0549C00D919C8 /* Sources */,
				A70192B922F0549C00D919C8 /* Frameworks */,
				A70192BA22F0549C00D919C8 /* Resources */,
				E76530AB5F29322A172EF182 /* [CP] Copy Pods Resources */,
			);
			buildRules = (
			);
			dependencies = (
			);
			name = HTTestTools;
			productName = HTTestTools;
			productReference = A70192BC22F0549C00D919C8 /* HTTestTools.app */;
			productType = "com.apple.product-type.application";
		};
/* End PBXNativeTarget section */

/* Begin PBXProject section */
		A70192B422F0549C00D919C8 /* Project object */ = {
			isa = PBXProject;
			attributes = {
				LastUpgradeCheck = 1030;
				ORGANIZATIONNAME = LongfeiWang;
				TargetAttributes = {
					A70192BB22F0549C00D919C8 = {
						CreatedOnToolsVersion = 10.3;
					};
				};
			};
			buildConfigurationList = A70192B722F0549C00D919C8 /* Build configuration list for PBXProject "HTTestTools" */;
			compatibilityVersion = "Xcode 9.3";
			developmentRegion = en;
			hasScannedForEncodings = 0;
			knownRegions = (
				en,
				Base,
			);
			mainGroup = A70192B322F0549C00D919C8;
			productRefGroup = A70192BD22F0549C00D919C8 /* Products */;
			projectDirPath = "";
			projectRoot = "";
			targets = (
				A70192BB22F0549C00D919C8 /* HTTestTools */,
			);
		};
/* End PBXProject section */

/* Begin PBXResourcesBuildPhase section */
		A70192BA22F0549C00D919C8 /* Resources */ = {
			isa = PBXResourcesBuildPhase;
			buildActionMask = 2147483647;
			files = (
				A73A7A4622F2DEDD00BEAFD0 /* Assets.xcassets in Resources */,
				A73A7A3A22F2DBED00BEAFD0 /* Images.xcassets in Resources */,
			);
			runOnlyForDeploymentPostprocessing = 0;
		};
/* End PBXResourcesBuildPhase section */

/* Begin PBXShellScriptBuildPhase section */
		681E4EC95D19E35543B728E2 /* [CP] Check Pods Manifest.lock */ = {
			isa = PBXShellScriptBuildPhase;
			buildActionMask = 2147483647;
			files = (
			);
			inputFileListPaths = (
			);
			inputPaths = (
				"${PODS_PODFILE_DIR_PATH}/Podfile.lock",
				"${PODS_ROOT}/Manifest.lock",
			);
			name = "[CP] Check Pods Manifest.lock";
			outputFileListPaths = (
			);
			outputPaths = (
				"$(DERIVED_FILE_DIR)/Pods-HTTestTools-checkManifestLockResult.txt",
			);
			runOnlyForDeploymentPostprocessing = 0;
			shellPath = /bin/sh;
			shellScript = "diff \"${PODS_PODFILE_DIR_PATH}/Podfile.lock\" \"${PODS_ROOT}/Manifest.lock\" > /dev/null\nif [ $? != 0 ] ; then\n    # print error to STDERR\n    echo \"error: The sandbox is not in sync with the Podfile.lock. Run 'pod install' or update your CocoaPods installation.\" >&2\n    exit 1\nfi\n# This output is used by Xcode 'outputs' to avoid re-running this script phase.\necho \"SUCCESS\" > \"${SCRIPT_OUTPUT_FILE_0}\"\n";
			showEnvVarsInLog = 0;
		};
		E76530AB5F29322A172EF182 /* [CP] Copy Pods Resources */ = {
			isa = PBXShellScriptBuildPhase;
			buildActionMask = 2147483647;
			files = (
			);
			inputFileListPaths = (
				"${PODS_ROOT}/Target Support Files/Pods-HTTestTools/Pods-HTTestTools-resources-${CONFIGURATION}-input-files.xcfilelist",
			);
			name = "[CP] Copy Pods Resources";
			outputFileListPaths = (
				"${PODS_ROOT}/Target Support Files/Pods-HTTestTools/Pods-HTTestTools-resources-${CONFIGURATION}-output-files.xcfilelist",
			);
			runOnlyForDeploymentPostprocessing = 0;
			shellPath = /bin/sh;
			shellScript = "\"${PODS_ROOT}/Target Support Files/Pods-HTTestTools/Pods-HTTestTools-resources.sh\"\n";
			showEnvVarsInLog = 0;
		};
/* End PBXShellScriptBuildPhase section */

/* Begin PBXSourcesBuildPhase section */
		A70192B822F0549C00D919C8 /* Sources */ = {
			isa = PBXSourcesBuildPhase;
			buildActionMask = 2147483647;
			files = (
				A70192CF22F0549C00D919C8 /* main.m in Sources */,
				A70192C122F0549C00D919C8 /* AppDelegate.m in Sources */,
				A73A7A4D22F2FD0C00BEAFD0 /* EditMyToolsCollectionViewCell.m in Sources */,
				A70192F322F0562E00D919C8 /* EditMyToolsViewController.m in Sources */,
				A73A7A5022F2FDAD00BEAFD0 /* EditMyToolsModel.m in Sources */,
				A7E4BE8F22F3CCBF00B597D2 /* EditMyToolsHeaderView.m in Sources */,
				A7EEDC6C22F30C92006F2A93 /* EditMyToolsCollectionReusableView.m in Sources */,
			);
			runOnlyForDeploymentPostprocessing = 0;
		};
/* End PBXSourcesBuildPhase section */

/* Begin XCBuildConfiguration section */
		A70192E622F0549C00D919C8 /* Debug */ = {
			isa = XCBuildConfiguration;
			buildSettings = {
				ALWAYS_SEARCH_USER_PATHS = NO;
				CLANG_ANALYZER_NONNULL = YES;
				CLANG_ANALYZER_NUMBER_OBJECT_CONVERSION = YES_AGGRESSIVE;
				CLANG_CXX_LANGUAGE_STANDARD = "gnu++14";
				CLANG_CXX_LIBRARY = "libc++";
				CLANG_ENABLE_MODULES = YES;
				CLANG_ENABLE_OBJC_ARC = YES;
				CLANG_ENABLE_OBJC_WEAK = YES;
				CLANG_WARN_BLOCK_CAPTURE_AUTORELEASING = YES;
				CLANG_WARN_BOOL_CONVERSION = YES;
				CLANG_WARN_COMMA = YES;
				CLANG_WARN_CONSTANT_CONVERSION = YES;
				CLANG_WARN_DEPRECATED_OBJC_IMPLEMENTATIONS = YES;
				CLANG_WARN_DIRECT_OBJC_ISA_USAGE = YES_ERROR;
				CLANG_WARN_DOCUMENTATION_COMMENTS = YES;
				CLANG_WARN_EMPTY_BODY = YES;
				CLANG_WARN_ENUM_CONVERSION = YES;
				CLANG_WARN_INFINITE_RECURSION = YES;
				CLANG_WARN_INT_CONVERSION = YES;
				CLANG_WARN_NON_LITERAL_NULL_CONVERSION = YES;
				CLANG_WARN_OBJC_IMPLICIT_RETAIN_SELF = YES;
				CLANG_WARN_OBJC_LITERAL_CONVERSION = YES;
				CLANG_WARN_OBJC_ROOT_CLASS = YES_ERROR;
				CLANG_WARN_RANGE_LOOP_ANALYSIS = YES;
				CLANG_WARN_STRICT_PROTOTYPES = YES;
				CLANG_WARN_SUSPICIOUS_MOVE = YES;
				CLANG_WARN_UNGUARDED_AVAILABILITY = YES_AGGRESSIVE;
				CLANG_WARN_UNREACHABLE_CODE = YES;
				CLANG_WARN__DUPLICATE_METHOD_MATCH = YES;
				CODE_SIGN_IDENTITY = "iPhone Developer";
				COPY_PHASE_STRIP = NO;
				DEBUG_INFORMATION_FORMAT = dwarf;
				ENABLE_STRICT_OBJC_MSGSEND = YES;
				ENABLE_TESTABILITY = YES;
				GCC_C_LANGUAGE_STANDARD = gnu11;
				GCC_DYNAMIC_NO_PIC = NO;
				GCC_NO_COMMON_BLOCKS = YES;
				GCC_OPTIMIZATION_LEVEL = 0;
				GCC_PREPROCESSOR_DEFINITIONS = (
					"DEBUG=1",
					"$(inherited)",
				);
				GCC_WARN_64_TO_32_BIT_CONVERSION = YES;
				GCC_WARN_ABOUT_RETURN_TYPE = YES_ERROR;
				GCC_WARN_UNDECLARED_SELECTOR = YES;
				GCC_WARN_UNINITIALIZED_AUTOS = YES_AGGRESSIVE;
				GCC_WARN_UNUSED_FUNCTION = YES;
				GCC_WARN_UNUSED_VARIABLE = YES;
				IPHONEOS_DEPLOYMENT_TARGET = 12.4;
				MTL_ENABLE_DEBUG_INFO = INCLUDE_SOURCE;
				MTL_FAST_MATH = YES;
				ONLY_ACTIVE_ARCH = YES;
				SDKROOT = iphoneos;
			};
			name = Debug;
		};
		A70192E722F0549C00D919C8 /* Release */ = {
			isa = XCBuildConfiguration;
			buildSettings = {
				ALWAYS_SEARCH_USER_PATHS = NO;
				CLANG_ANALYZER_NONNULL = YES;
				CLANG_ANALYZER_NUMBER_OBJECT_CONVERSION = YES_AGGRESSIVE;
				CLANG_CXX_LANGUAGE_STANDARD = "gnu++14";
				CLANG_CXX_LIBRARY = "libc++";
				CLANG_ENABLE_MODULES = YES;
				CLANG_ENABLE_OBJC_ARC = YES;
				CLANG_ENABLE_OBJC_WEAK = YES;
				CLANG_WARN_BLOCK_CAPTURE_AUTORELEASING = YES;
				CLANG_WARN_BOOL_CONVERSION = YES;
				CLANG_WARN_COMMA = YES;
				CLANG_WARN_CONSTANT_CONVERSION = YES;
				CLANG_WARN_DEPRECATED_OBJC_IMPLEMENTATIONS = YES;
				CLANG_WARN_DIRECT_OBJC_ISA_USAGE = YES_ERROR;
				CLANG_WARN_DOCUMENTATION_COMMENTS = YES;
				CLANG_WARN_EMPTY_BODY = YES;
				CLANG_WARN_ENUM_CONVERSION = YES;
				CLANG_WARN_INFINITE_RECURSION = YES;
				CLANG_WARN_INT_CONVERSION = YES;
				CLANG_WARN_NON_LITERAL_NULL_CONVERSION = YES;
				CLANG_WARN_OBJC_IMPLICIT_RETAIN_SELF = YES;
				CLANG_WARN_OBJC_LITERAL_CONVERSION = YES;
				CLANG_WARN_OBJC_ROOT_CLASS = YES_ERROR;
				CLANG_WARN_RANGE_LOOP_ANALYSIS = YES;
				CLANG_WARN_STRICT_PROTOTYPES = YES;
				CLANG_WARN_SUSPICIOUS_MOVE = YES;
				CLANG_WARN_UNGUARDED_AVAILABILITY = YES_AGGRESSIVE;
				CLANG_WARN_UNREACHABLE_CODE = YES;
				CLANG_WARN__DUPLICATE_METHOD_MATCH = YES;
				CODE_SIGN_IDENTITY = "iPhone Developer";
				COPY_PHASE_STRIP = NO;
				DEBUG_INFORMATION_FORMAT = "dwarf-with-dsym";
				ENABLE_NS_ASSERTIONS = NO;
				ENABLE_STRICT_OBJC_MSGSEND = YES;
				GCC_C_LANGUAGE_STANDARD = gnu11;
				GCC_NO_COMMON_BLOCKS = YES;
				GCC_WARN_64_TO_32_BIT_CONVERSION = YES;
				GCC_WARN_ABOUT_RETURN_TYPE = YES_ERROR;
				GCC_WARN_UNDECLARED_SELECTOR = YES;
				GCC_WARN_UNINITIALIZED_AUTOS = YES_AGGRESSIVE;
				GCC_WARN_UNUSED_FUNCTION = YES;
				GCC_WARN_UNUSED_VARIABLE = YES;
				IPHONEOS_DEPLOYMENT_TARGET = 12.4;
				MTL_ENABLE_DEBUG_INFO = NO;
				MTL_FAST_MATH = YES;
				SDKROOT = iphoneos;
				VALIDATE_PRODUCT = YES;
			};
			name = Release;
		};
		A70192E922F0549C00D919C8 /* Debug */ = {
			isa = XCBuildConfiguration;
			baseConfigurationReference = 8D8875F648BBA7B6B173533B /* Pods-HTTestTools.debug.xcconfig */;
			buildSettings = {
				ASSETCATALOG_COMPILER_APPICON_NAME = AppIcon;
				ASSETCATALOG_COMPILER_LAUNCHIMAGE_NAME = LaunchImage;
				CODE_SIGN_STYLE = Automatic;
				DEVELOPMENT_TEAM = RDRP4TN724;
				GCC_PREFIX_HEADER = /Users/longfei/Desktop/HTTestTools/HTTestTools/HTTestTools/PrefixHeader.pch;
				INFOPLIST_FILE = HTTestTools/Info.plist;
				IPHONEOS_DEPLOYMENT_TARGET = 9.0;
				LD_RUNPATH_SEARCH_PATHS = (
					"$(inherited)",
					"@executable_path/Frameworks",
				);
				PRODUCT_BUNDLE_IDENTIFIER = com.LongfeiWang.www.HTTestTools;
				PRODUCT_NAME = "$(TARGET_NAME)";
				TARGETED_DEVICE_FAMILY = 1;
			};
			name = Debug;
		};
		A70192EA22F0549C00D919C8 /* Release */ = {
			isa = XCBuildConfiguration;
			baseConfigurationReference = E1E39D80FEAB0C46D3D950ED /* Pods-HTTestTools.release.xcconfig */;
			buildSettings = {
				ASSETCATALOG_COMPILER_APPICON_NAME = AppIcon;
				ASSETCATALOG_COMPILER_LAUNCHIMAGE_NAME = LaunchImage;
				CODE_SIGN_STYLE = Automatic;
				DEVELOPMENT_TEAM = RDRP4TN724;
				GCC_PREFIX_HEADER = /Users/longfei/Desktop/HTTestTools/HTTestTools/HTTestTools/PrefixHeader.pch;
				INFOPLIST_FILE = HTTestTools/Info.plist;
				IPHONEOS_DEPLOYMENT_TARGET = 9.0;
				LD_RUNPATH_SEARCH_PATHS = (
					"$(inherited)",
					"@executable_path/Frameworks",
				);
				PRODUCT_BUNDLE_IDENTIFIER = com.LongfeiWang.www.HTTestTools;
				PRODUCT_NAME = "$(TARGET_NAME)";
				TARGETED_DEVICE_FAMILY = 1;
			};
			name = Release;
		};
/* End XCBuildConfiguration section */

/* Begin XCConfigurationList section */
		A70192B722F0549C00D919C8 /* Build configuration list for PBXProject "HTTestTools" */ = {
			isa = XCConfigurationList;
			buildConfigurations = (
				A70192E622F0549C00D919C8 /* Debug */,
				A70192E722F0549C00D919C8 /* Release */,
			);
			defaultConfigurationIsVisible = 0;
			defaultConfigurationName = Release;
		};
		A70192E822F0549C00D919C8 /* Build configuration list for PBXNativeTarget "HTTestTools" */ = {
			isa = XCConfigurationList;
			buildConfigurations = (
				A70192E922F0549C00D919C8 /* Debug */,
				A70192EA22F0549C00D919C8 /* Release */,
			);
			defaultConfigurationIsVisible = 0;
			defaultConfigurationName = Release;
		};
/* End XCConfigurationList section */
	};
	rootObject = A70192B422F0549C00D919C8 /* Project object */;
}
